
Microsoft Visual Studio Solution File, Format Version 12.00
# Visual Studio Version 17
VisualStudioVersion = 17.4.33213.308
MinimumVisualStudioVersion = 10.0.40219.1
Project("{FAE04EC0-301F-11D3-BF4B-00C04F79EFBC}") = "OrleansURLShortener_MelissaMansilla", "OrleansURLShortener_MelissaMansilla\OrleansURLShortener_MelissaMansilla.csproj", "{C5877FAE-8AA2-4D53-8D47-493A5AB8F186}"
EndProject
Global
	GlobalSection(SolutionConfigurationPlatforms) = preSolution
		Debug|Any CPU = Debug|Any CPU
		Release|Any CPU = Release|Any CPU
	EndGlobalSection
	GlobalSection(ProjectConfigurationPlatforms) = postSolution
		{C5877FAE-8AA2-4D53-8D47-493A5AB8F186}.Debug|Any CPU.ActiveCfg = Debug|Any CPU
		{C5877FAE-8AA2-4D53-8D47-493A5AB8F186}.Debug|Any CPU.Build.0 = Debug|Any CPU
		{C5877FAE-8AA2-4D53-8D47-493A5AB8F186}.Release|Any CPU.ActiveCfg = Release|Any CPU
		{C5877FAE-8AA2-4D53-8D47-493A5AB8F186}.Release|Any CPU.Build.0 = Release|Any CPU
	EndGlobalSection
	GlobalSection(SolutionProperties) = preSolution
		HideSolutionNode = FALSE
	EndGlobalSection
	GlobalSection(ExtensibilityGlobals) = postSolution
		SolutionGuid = {54BA4194-B422-465C-9DC4-7B070E2B642F}
	EndGlobalSection
EndGlobal
